
Microsoft Visual Studio Solution File, Format Version 12.00
# Visual Studio 2013
VisualStudioVersion = 12.0.31101.0
MinimumVisualStudioVersion = 10.0.40219.1
Project("{FAE04EC0-301F-11D3-BF4B-00C04F79EFBC}") = "Dinmore.Website", "Dinmore.Website\Dinmore.Website.csproj", "{D94BE51E-EA84-4F6F-A284-30E2613BB7B9}"
EndProject
Project("{FAE04EC0-301F-11D3-BF4B-00C04F79EFBC}") = "Dinmore.Winforms", "Dinmore.Winforms\Dinmore.Winforms.csproj", "{27EA96C0-F669-4803-B68B-835E57434DCF}"
EndProject
Global
	GlobalSection(SolutionConfigurationPlatforms) = preSolution
		Debug|Any CPU = Debug|Any CPU
		Release|Any CPU = Release|Any CPU
	EndGlobalSection
	GlobalSection(ProjectConfigurationPlatforms) = postSolution
		{D94BE51E-EA84-4F6F-A284-30E2613BB7B9}.Debug|Any CPU.ActiveCfg = Debug|Any CPU
		{D94BE51E-EA84-4F6F-A284-30E2613BB7B9}.Debug|Any CPU.Build.0 = Debug|Any CPU
		{D94BE51E-EA84-4F6F-A284-30E2613BB7B9}.Release|Any CPU.ActiveCfg = Release|Any CPU
		{D94BE51E-EA84-4F6F-A284-30E2613BB7B9}.Release|Any CPU.Build.0 = Release|Any CPU
		{27EA96C0-F669-4803-B68B-835E57434DCF}.Debug|Any CPU.ActiveCfg = Debug|Any CPU
		{27EA96C0-F669-4803-B68B-835E57434DCF}.Debug|Any CPU.Build.0 = Debug|Any CPU
		{27EA96C0-F669-4803-B68B-835E57434DCF}.Release|Any CPU.ActiveCfg = Release|Any CPU
		{27EA96C0-F669-4803-B68B-835E57434DCF}.Release|Any CPU.Build.0 = Release|Any CPU
	EndGlobalSection
	GlobalSection(SolutionProperties) = preSolution
		HideSolutionNode = FALSE
	EndGlobalSection
EndGlobal
